// !$*UTF8*$!
{
	archiveVersion = 1;
	classes = {
	};
	objectVersion = 56;
	objects = {

/* Begin PBXBuildFile section */
		EC7F6BEC2BE5E6E300A34A7B /* MemolaApp.swift in Sources */ = {isa = PBXBuildFile; fileRef = EC7F6BEB2BE5E6E300A34A7B /* MemolaApp.swift */; };
		EC7F6BF02BE5E6E400A34A7B /* Assets.xcassets in Resources */ = {isa = PBXBuildFile; fileRef = EC7F6BEF2BE5E6E400A34A7B /* Assets.xcassets */; };
		EC7F6BF32BE5E6E400A34A7B /* Preview Assets.xcassets in Resources */ = {isa = PBXBuildFile; fileRef = EC7F6BF22BE5E6E400A34A7B /* Preview Assets.xcassets */; };
		ECA7387A2BE5EF0400A4542E /* MemosView.swift in Sources */ = {isa = PBXBuildFile; fileRef = ECA738792BE5EF0400A4542E /* MemosView.swift */; };
		ECA7387D2BE5EF4B00A4542E /* MemoView.swift in Sources */ = {isa = PBXBuildFile; fileRef = ECA7387C2BE5EF4B00A4542E /* MemoView.swift */; };
/* End PBXBuildFile section */

/* Begin PBXFileReference section */
		EC7F6BE82BE5E6E300A34A7B /* Memola.app */ = {isa = PBXFileReference; explicitFileType = wrapper.application; includeInIndex = 0; path = Memola.app; sourceTree = BUILT_PRODUCTS_DIR; };
		EC7F6BEB2BE5E6E300A34A7B /* MemolaApp.swift */ = {isa = PBXFileReference; lastKnownFileType = sourcecode.swift; path = MemolaApp.swift; sourceTree = "<group>"; };
		EC7F6BEF2BE5E6E400A34A7B /* Assets.xcassets */ = {isa = PBXFileReference; lastKnownFileType = folder.assetcatalog; path = Assets.xcassets; sourceTree = "<group>"; };
		EC7F6BF22BE5E6E400A34A7B /* Preview Assets.xcassets */ = {isa = PBXFileReference; lastKnownFileType = folder.assetcatalog; path = "Preview Assets.xcassets"; sourceTree = "<group>"; };
		ECA738792BE5EF0400A4542E /* MemosView.swift */ = {isa = PBXFileReference; lastKnownFileType = sourcecode.swift; path = MemosView.swift; sourceTree = "<group>"; };
		ECA7387C2BE5EF4B00A4542E /* MemoView.swift */ = {isa = PBXFileReference; lastKnownFileType = sourcecode.swift; path = MemoView.swift; sourceTree = "<group>"; };
/* End PBXFileReference section */

/* Begin PBXFrameworksBuildPhase section */
		EC7F6BE52BE5E6E300A34A7B /* Frameworks */ = {
			isa = PBXFrameworksBuildPhase;
			buildActionMask = 2147483647;
			files = (
			);
			runOnlyForDeploymentPostprocessing = 0;
		};
/* End PBXFrameworksBuildPhase section */

/* Begin PBXGroup section */
		EC7F6BDF2BE5E6E300A34A7B = {
			isa = PBXGroup;
			children = (
				EC7F6BEA2BE5E6E300A34A7B /* Memola */,
				EC7F6BE92BE5E6E300A34A7B /* Products */,
			);
			sourceTree = "<group>";
		};
		EC7F6BE92BE5E6E300A34A7B /* Products */ = {
			isa = PBXGroup;
			children = (
				EC7F6BE82BE5E6E300A34A7B /* Memola.app */,
			);
			name = Products;
			sourceTree = "<group>";
		};
		EC7F6BEA2BE5E6E300A34A7B /* Memola */ = {
			isa = PBXGroup;
			children = (
				ECA738762BE5EE4E00A4542E /* App */,
				ECA738772BE5EEE800A4542E /* Features */,
				EC7F6BEF2BE5E6E400A34A7B /* Assets.xcassets */,
				EC7F6BF12BE5E6E400A34A7B /* Preview Content */,
			);
			path = Memola;
			sourceTree = "<group>";
		};
		EC7F6BF12BE5E6E400A34A7B /* Preview Content */ = {
			isa = PBXGroup;
			children = (
				EC7F6BF22BE5E6E400A34A7B /* Preview Assets.xcassets */,
			);
			path = "Preview Content";
			sourceTree = "<group>";
		};
		ECA738762BE5EE4E00A4542E /* App */ = {
			isa = PBXGroup;
			children = (
				EC7F6BEB2BE5E6E300A34A7B /* MemolaApp.swift */,
			);
			path = App;
			sourceTree = "<group>";
		};
		ECA738772BE5EEE800A4542E /* Features */ = {
			isa = PBXGroup;
			children = (
				ECA7387B2BE5EF3500A4542E /* Memo */,
				ECA738782BE5EEF700A4542E /* Memos */,
			);
			path = Features;
			sourceTree = "<group>";
		};
		ECA738782BE5EEF700A4542E /* Memos */ = {
			isa = PBXGroup;
			children = (
				ECA738792BE5EF0400A4542E /* MemosView.swift */,
			);
			path = Memos;
			sourceTree = "<group>";
		};
		ECA7387B2BE5EF3500A4542E /* Memo */ = {
			isa = PBXGroup;
			children = (
				ECA7387C2BE5EF4B00A4542E /* MemoView.swift */,
			);
			path = Memo;
			sourceTree = "<group>";
		};
/* End PBXGroup section */

/* Begin PBXNativeTarget section */
		EC7F6BE72BE5E6E300A34A7B /* Memola */ = {
			isa = PBXNativeTarget;
			buildConfigurationList = EC7F6BF62BE5E6E400A34A7B /* Build configuration list for PBXNativeTarget "Memola" */;
			buildPhases = (
				EC7F6BE42BE5E6E300A34A7B /* Sources */,
				EC7F6BE52BE5E6E300A34A7B /* Frameworks */,
				EC7F6BE62BE5E6E300A34A7B /* Resources */,
			);
			buildRules = (
			);
			dependencies = (
			);
			name = Memola;
			productName = Memola;
			productReference = EC7F6BE82BE5E6E300A34A7B /* Memola.app */;
			productType = "com.apple.product-type.application";
		};
/* End PBXNativeTarget section */

/* Begin PBXProject section */
		EC7F6BE02BE5E6E300A34A7B /* Project object */ = {
			isa = PBXProject;
			attributes = {
				BuildIndependentTargetsInParallel = 1;
				LastSwiftUpdateCheck = 1500;
				LastUpgradeCheck = 1500;
				TargetAttributes = {
					EC7F6BE72BE5E6E300A34A7B = {
						CreatedOnToolsVersion = 15.0;
					};
				};
			};
			buildConfigurationList = EC7F6BE32BE5E6E300A34A7B /* Build configuration list for PBXProject "Memola" */;
			compatibilityVersion = "Xcode 14.0";
			developmentRegion = en;
			hasScannedForEncodings = 0;
			knownRegions = (
				en,
				Base,
			);
			mainGroup = EC7F6BDF2BE5E6E300A34A7B;
			productRefGroup = EC7F6BE92BE5E6E300A34A7B /* Products */;
			projectDirPath = "";
			projectRoot = "";
			targets = (
				EC7F6BE72BE5E6E300A34A7B /* Memola */,
			);
		};
/* End PBXProject section */

/* Begin PBXResourcesBuildPhase section */
		EC7F6BE62BE5E6E300A34A7B /* Resources */ = {
			isa = PBXResourcesBuildPhase;
			buildActionMask = 2147483647;
			files = (
				EC7F6BF32BE5E6E400A34A7B /* Preview Assets.xcassets in Resources */,
				EC7F6BF02BE5E6E400A34A7B /* Assets.xcassets in Resources */,
			);
			runOnlyForDeploymentPostprocessing = 0;
		};
/* End PBXResourcesBuildPhase section */

/* Begin PBXSourcesBuildPhase section */
		EC7F6BE42BE5E6E300A34A7B /* Sources */ = {
			isa = PBXSourcesBuildPhase;
			buildActionMask = 2147483647;
			files = (
				ECA7387A2BE5EF0400A4542E /* MemosView.swift in Sources */,
				ECA7387D2BE5EF4B00A4542E /* MemoView.swift in Sources */,
				EC7F6BEC2BE5E6E300A34A7B /* MemolaApp.swift in Sources */,
			);
			runOnlyForDeploymentPostprocessing = 0;
		};
/* End PBXSourcesBuildPhase section */

/* Begin XCBuildConfiguration section */
		EC7F6BF42BE5E6E400A34A7B /* Debug */ = {
			isa = XCBuildConfiguration;
			buildSettings = {
				ALWAYS_SEARCH_USER_PATHS = NO;
				ASSETCATALOG_COMPILER_GENERATE_SWIFT_ASSET_SYMBOL_EXTENSIONS = YES;
				CLANG_ANALYZER_NONNULL = YES;
				CLANG_ANALYZER_NUMBER_OBJECT_CONVERSION = YES_AGGRESSIVE;
				CLANG_CXX_LANGUAGE_STANDARD = "gnu++20";
				CLANG_ENABLE_MODULES = YES;
				CLANG_ENABLE_OBJC_ARC = YES;
				CLANG_ENABLE_OBJC_WEAK = YES;
				CLANG_WARN_BLOCK_CAPTURE_AUTORELEASING = YES;
				CLANG_WARN_BOOL_CONVERSION = YES;
				CLANG_WARN_COMMA = YES;
				CLANG_WARN_CONSTANT_CONVERSION = YES;
				CLANG_WARN_DEPRECATED_OBJC_IMPLEMENTATIONS = YES;
				CLANG_WARN_DIRECT_OBJC_ISA_USAGE = YES_ERROR;
				CLANG_WARN_DOCUMENTATION_COMMENTS = YES;
				CLANG_WARN_EMPTY_BODY = YES;
				CLANG_WARN_ENUM_CONVERSION = YES;
				CLANG_WARN_INFINITE_RECURSION = YES;
				CLANG_WARN_INT_CONVERSION = YES;
				CLANG_WARN_NON_LITERAL_NULL_CONVERSION = YES;
				CLANG_WARN_OBJC_IMPLICIT_RETAIN_SELF = YES;
				CLANG_WARN_OBJC_LITERAL_CONVERSION = YES;
				CLANG_WARN_OBJC_ROOT_CLASS = YES_ERROR;
				CLANG_WARN_QUOTED_INCLUDE_IN_FRAMEWORK_HEADER = YES;
				CLANG_WARN_RANGE_LOOP_ANALYSIS = YES;
				CLANG_WARN_STRICT_PROTOTYPES = YES;
				CLANG_WARN_SUSPICIOUS_MOVE = YES;
				CLANG_WARN_UNGUARDED_AVAILABILITY = YES_AGGRESSIVE;
				CLANG_WARN_UNREACHABLE_CODE = YES;
				CLANG_WARN__DUPLICATE_METHOD_MATCH = YES;
				COPY_PHASE_STRIP = NO;
				DEBUG_INFORMATION_FORMAT = dwarf;
				ENABLE_STRICT_OBJC_MSGSEND = YES;
				ENABLE_TESTABILITY = YES;
				ENABLE_USER_SCRIPT_SANDBOXING = YES;
				GCC_C_LANGUAGE_STANDARD = gnu17;
				GCC_DYNAMIC_NO_PIC = NO;
				GCC_NO_COMMON_BLOCKS = YES;
				GCC_OPTIMIZATION_LEVEL = 0;
				GCC_PREPROCESSOR_DEFINITIONS = (
					"DEBUG=1",
					"$(inherited)",
				);
				GCC_WARN_64_TO_32_BIT_CONVERSION = YES;
				GCC_WARN_ABOUT_RETURN_TYPE = YES_ERROR;
				GCC_WARN_UNDECLARED_SELECTOR = YES;
				GCC_WARN_UNINITIALIZED_AUTOS = YES_AGGRESSIVE;
				GCC_WARN_UNUSED_FUNCTION = YES;
				GCC_WARN_UNUSED_VARIABLE = YES;
				IPHONEOS_DEPLOYMENT_TARGET = 17.0;
				LOCALIZATION_PREFERS_STRING_CATALOGS = YES;
				MTL_ENABLE_DEBUG_INFO = INCLUDE_SOURCE;
				MTL_FAST_MATH = YES;
				ONLY_ACTIVE_ARCH = YES;
				SDKROOT = iphoneos;
				SWIFT_ACTIVE_COMPILATION_CONDITIONS = "DEBUG $(inherited)";
				SWIFT_OPTIMIZATION_LEVEL = "-Onone";
			};
			name = Debug;
		};
		EC7F6BF52BE5E6E400A34A7B /* Release */ = {
			isa = XCBuildConfiguration;
			buildSettings = {
				ALWAYS_SEARCH_USER_PATHS = NO;
				ASSETCATALOG_COMPILER_GENERATE_SWIFT_ASSET_SYMBOL_EXTENSIONS = YES;
				CLANG_ANALYZER_NONNULL = YES;
				CLANG_ANALYZER_NUMBER_OBJECT_CONVERSION = YES_AGGRESSIVE;
				CLANG_CXX_LANGUAGE_STANDARD = "gnu++20";
				CLANG_ENABLE_MODULES = YES;
				CLANG_ENABLE_OBJC_ARC = YES;
				CLANG_ENABLE_OBJC_WEAK = YES;
				CLANG_WARN_BLOCK_CAPTURE_AUTORELEASING = YES;
				CLANG_WARN_BOOL_CONVERSION = YES;
				CLANG_WARN_COMMA = YES;
				CLANG_WARN_CONSTANT_CONVERSION = YES;
				CLANG_WARN_DEPRECATED_OBJC_IMPLEMENTATIONS = YES;
				CLANG_WARN_DIRECT_OBJC_ISA_USAGE = YES_ERROR;
				CLANG_WARN_DOCUMENTATION_COMMENTS = YES;
				CLANG_WARN_EMPTY_BODY = YES;
				CLANG_WARN_ENUM_CONVERSION = YES;
				CLANG_WARN_INFINITE_RECURSION = YES;
				CLANG_WARN_INT_CONVERSION = YES;
				CLANG_WARN_NON_LITERAL_NULL_CONVERSION = YES;
				CLANG_WARN_OBJC_IMPLICIT_RETAIN_SELF = YES;
				CLANG_WARN_OBJC_LITERAL_CONVERSION = YES;
				CLANG_WARN_OBJC_ROOT_CLASS = YES_ERROR;
				CLANG_WARN_QUOTED_INCLUDE_IN_FRAMEWORK_HEADER = YES;
				CLANG_WARN_RANGE_LOOP_ANALYSIS = YES;
				CLANG_WARN_STRICT_PROTOTYPES = YES;
				CLANG_WARN_SUSPICIOUS_MOVE = YES;
				CLANG_WARN_UNGUARDED_AVAILABILITY = YES_AGGRESSIVE;
				CLANG_WARN_UNREACHABLE_CODE = YES;
				CLANG_WARN__DUPLICATE_METHOD_MATCH = YES;
				COPY_PHASE_STRIP = NO;
				DEBUG_INFORMATION_FORMAT = "dwarf-with-dsym";
				ENABLE_NS_ASSERTIONS = NO;
				ENABLE_STRICT_OBJC_MSGSEND = YES;
				ENABLE_USER_SCRIPT_SANDBOXING = YES;
				GCC_C_LANGUAGE_STANDARD = gnu17;
				GCC_NO_COMMON_BLOCKS = YES;
				GCC_WARN_64_TO_32_BIT_CONVERSION = YES;
				GCC_WARN_ABOUT_RETURN_TYPE = YES_ERROR;
				GCC_WARN_UNDECLARED_SELECTOR = YES;
				GCC_WARN_UNINITIALIZED_AUTOS = YES_AGGRESSIVE;
				GCC_WARN_UNUSED_FUNCTION = YES;
				GCC_WARN_UNUSED_VARIABLE = YES;
				IPHONEOS_DEPLOYMENT_TARGET = 17.0;
				LOCALIZATION_PREFERS_STRING_CATALOGS = YES;
				MTL_ENABLE_DEBUG_INFO = NO;
				MTL_FAST_MATH = YES;
				SDKROOT = iphoneos;
				SWIFT_COMPILATION_MODE = wholemodule;
				VALIDATE_PRODUCT = YES;
			};
			name = Release;
		};
		EC7F6BF72BE5E6E400A34A7B /* Debug */ = {
			isa = XCBuildConfiguration;
			buildSettings = {
				ASSETCATALOG_COMPILER_APPICON_NAME = AppIcon;
				ASSETCATALOG_COMPILER_GLOBAL_ACCENT_COLOR_NAME = AccentColor;
				CODE_SIGN_STYLE = Automatic;
				CURRENT_PROJECT_VERSION = 1;
				DEVELOPMENT_ASSET_PATHS = "\"Memola/Preview Content\"";
				DEVELOPMENT_TEAM = 9TYSSFKV5U;
				ENABLE_PREVIEWS = YES;
				GENERATE_INFOPLIST_FILE = YES;
				INFOPLIST_KEY_UIApplicationSceneManifest_Generation = YES;
				INFOPLIST_KEY_UIApplicationSupportsIndirectInputEvents = YES;
				INFOPLIST_KEY_UILaunchScreen_Generation = YES;
				INFOPLIST_KEY_UISupportedInterfaceOrientations_iPad = "UIInterfaceOrientationPortrait UIInterfaceOrientationPortraitUpsideDown UIInterfaceOrientationLandscapeLeft UIInterfaceOrientationLandscapeRight";
				INFOPLIST_KEY_UISupportedInterfaceOrientations_iPhone = "UIInterfaceOrientationPortrait UIInterfaceOrientationLandscapeLeft UIInterfaceOrientationLandscapeRight";
				LD_RUNPATH_SEARCH_PATHS = (
					"$(inherited)",
					"@executable_path/Frameworks",
				);
				MARKETING_VERSION = 1.0;
				PRODUCT_BUNDLE_IDENTIFIER = com.example.Memola;
				PRODUCT_NAME = "$(TARGET_NAME)";
				SUPPORTED_PLATFORMS = "iphoneos iphonesimulator";
				SUPPORTS_MACCATALYST = NO;
				SUPPORTS_MAC_DESIGNED_FOR_IPHONE_IPAD = NO;
				SWIFT_EMIT_LOC_STRINGS = YES;
				SWIFT_VERSION = 5.0;
				TARGETED_DEVICE_FAMILY = "1,2";
			};
			name = Debug;
		};
		EC7F6BF82BE5E6E400A34A7B /* Release */ = {
			isa = XCBuildConfiguration;
			buildSettings = {
				ASSETCATALOG_COMPILER_APPICON_NAME = AppIcon;
				ASSETCATALOG_COMPILER_GLOBAL_ACCENT_COLOR_NAME = AccentColor;
				CODE_SIGN_STYLE = Automatic;
				CURRENT_PROJECT_VERSION = 1;
				DEVELOPMENT_ASSET_PATHS = "\"Memola/Preview Content\"";
				DEVELOPMENT_TEAM = 9TYSSFKV5U;
				ENABLE_PREVIEWS = YES;
				GENERATE_INFOPLIST_FILE = YES;
				INFOPLIST_KEY_UIApplicationSceneManifest_Generation = YES;
				INFOPLIST_KEY_UIApplicationSupportsIndirectInputEvents = YES;
				INFOPLIST_KEY_UILaunchScreen_Generation = YES;
				INFOPLIST_KEY_UISupportedInterfaceOrientations_iPad = "UIInterfaceOrientationPortrait UIInterfaceOrientationPortraitUpsideDown UIInterfaceOrientationLandscapeLeft UIInterfaceOrientationLandscapeRight";
				INFOPLIST_KEY_UISupportedInterfaceOrientations_iPhone = "UIInterfaceOrientationPortrait UIInterfaceOrientationLandscapeLeft UIInterfaceOrientationLandscapeRight";
				LD_RUNPATH_SEARCH_PATHS = (
					"$(inherited)",
					"@executable_path/Frameworks",
				);
				MARKETING_VERSION = 1.0;
				PRODUCT_BUNDLE_IDENTIFIER = com.example.Memola;
				PRODUCT_NAME = "$(TARGET_NAME)";
				SUPPORTED_PLATFORMS = "iphoneos iphonesimulator";
				SUPPORTS_MACCATALYST = NO;
				SUPPORTS_MAC_DESIGNED_FOR_IPHONE_IPAD = NO;
				SWIFT_EMIT_LOC_STRINGS = YES;
				SWIFT_VERSION = 5.0;
				TARGETED_DEVICE_FAMILY = "1,2";
			};
			name = Release;
		};
/* End XCBuildConfiguration section */

/* Begin XCConfigurationList section */
		EC7F6BE32BE5E6E300A34A7B /* Build configuration list for PBXProject "Memola" */ = {
			isa = XCConfigurationList;
			buildConfigurations = (
				EC7F6BF42BE5E6E400A34A7B /* Debug */,
				EC7F6BF52BE5E6E400A34A7B /* Release */,
			);
			defaultConfigurationIsVisible = 0;
			defaultConfigurationName = Release;
		};
		EC7F6BF62BE5E6E400A34A7B /* Build configuration list for PBXNativeTarget "Memola" */ = {
			isa = XCConfigurationList;
			buildConfigurations = (
				EC7F6BF72BE5E6E400A34A7B /* Debug */,
				EC7F6BF82BE5E6E400A34A7B /* Release */,
			);
			defaultConfigurationIsVisible = 0;
			defaultConfigurationName = Release;
		};
/* End XCConfigurationList section */
	};
	rootObject = EC7F6BE02BE5E6E300A34A7B /* Project object */;
}
